Microsoft Visual Studio Solution File, Format Version 12.00
# Visual Studio 15
VisualStudioVersion = 15.0.26228.9
MinimumVisualStudioVersion = 10.0.40219.1
Project("{FAE04EC0-301F-11D3-BF4B-00C04F79EFBC}") = "WebApi", "WebApi\WebApi.csproj", "{9C6B6BE5-4EDA-4B3B-94F7-AA4C758DD669}"
EndProject
Project("{FAE04EC0-301F-11D3-BF4B-00C04F79EFBC}") = "WebApp", "WebApp\WebApp.csproj", "{35DA2231-55FE-4343-8667-DCC4DEECA42C}"
EndProject
Project("{2150E333-8FDC-42A3-9474-1A3956D46DE8}") = "1 - Presentation", "1 - Presentation", "{AF7D8AC1-FEAD-44BB-8131-1B81E94E7789}"
EndProject
Project("{2150E333-8FDC-42A3-9474-1A3956D46DE8}") = "2 - Service", "2 - Service", "{82AA2558-DD72-47B5-9226-EF4E1A08757F}"
EndProject
Project("{2150E333-8FDC-42A3-9474-1A3956D46DE8}") = "3 - Repository", "3 - Repository", "{AC2A6376-E30B-4B73-A0A6-E4A84D14B5F4}"
EndProject
Project("{2150E333-8FDC-42A3-9474-1A3956D46DE8}") = "4 - DB", "4 - DB", "{0480C2D3-029D-47AE-972D-DEE48161A02E}"
EndProject
Project("{2150E333-8FDC-42A3-9474-1A3956D46DE8}") = "5 - Common", "5 - Common", "{373BA905-3E5D-4C15-B9E5-E1B3695DA872}"
EndProject
Project("{2150E333-8FDC-42A3-9474-1A3956D46DE8}") = "6 - DI", "6 - DI", "{F20E1B13-FE51-4FC2-9597-5F7497EF854D}"
EndProject
Project("{FAE04EC0-301F-11D3-BF4B-00C04F79EFBC}") = "Model", "Model\Model.csproj", "{2884FD92-200F-46B3-9DA0-DE2C98609AFE}"
EndProject
Project("{FAE04EC0-301F-11D3-BF4B-00C04F79EFBC}") = "Repository", "Repository\Repository.csproj", "{3D6B3D9B-E9F0-441E-9FC5-931BF34325D9}"
EndProject
Project("{FAE04EC0-301F-11D3-BF4B-00C04F79EFBC}") = "Repository.Contracts", "Repository.Contracts\Repository.Contracts.csproj", "{501B39A1-3FF5-4822-AE0D-833813FD575E}"
EndProject
Project("{FAE04EC0-301F-11D3-BF4B-00C04F79EFBC}") = "Service", "Service\Service.csproj", "{4945C8E6-F297-4A9A-A2C3-6D16077407CF}"
EndProject
Project("{FAE04EC0-301F-11D3-BF4B-00C04F79EFBC}") = "Service.Contracts", "Service.Contracts\Service.Contracts.csproj", "{D684641F-F7BE-43EC-A459-D689E42AF447}"
EndProject
Project("{FAE04EC0-301F-11D3-BF4B-00C04F79EFBC}") = "CoreDI", "CoreDI\CoreDI.csproj", "{906A29B2-DF96-43FA-816C-93FBF06A5A3D}"
EndProject
Project("{FAE04EC0-301F-11D3-BF4B-00C04F79EFBC}") = "Common", "Common\Common.csproj", "{1B592C4A-0D2F-4C7E-AB1E-358820A0C663}"
EndProject
Project("{2150E333-8FDC-42A3-9474-1A3956D46DE8}") = "Solution Items", "Solution Items", "{A46A6E54-DD76-4997-ADCC-1DDB93FAFE49}"
	ProjectSection(SolutionItems) = preProject
		VisualStudio.gitignore = VisualStudio.gitignore
	EndProjectSection
EndProject
Global
	GlobalSection(SolutionConfigurationPlatforms) = preSolution
		Debug|Any CPU = Debug|Any CPU
		Release|Any CPU = Release|Any CPU
	EndGlobalSection
	GlobalSection(ProjectConfigurationPlatforms) = postSolution
		{9C6B6BE5-4EDA-4B3B-94F7-AA4C758DD669}.Debug|Any CPU.ActiveCfg = Debug|Any CPU
		{9C6B6BE5-4EDA-4B3B-94F7-AA4C758DD669}.Debug|Any CPU.Build.0 = Debug|Any CPU
		{9C6B6BE5-4EDA-4B3B-94F7-AA4C758DD669}.Release|Any CPU.ActiveCfg = Release|Any CPU
		{9C6B6BE5-4EDA-4B3B-94F7-AA4C758DD669}.Release|Any CPU.Build.0 = Release|Any CPU
		{35DA2231-55FE-4343-8667-DCC4DEECA42C}.Debug|Any CPU.ActiveCfg = Debug|Any CPU
		{35DA2231-55FE-4343-8667-DCC4DEECA42C}.Debug|Any CPU.Build.0 = Debug|Any CPU
		{35DA2231-55FE-4343-8667-DCC4DEECA42C}.Release|Any CPU.ActiveCfg = Release|Any CPU
		{35DA2231-55FE-4343-8667-DCC4DEECA42C}.Release|Any CPU.Build.0 = Release|Any CPU
		{2884FD92-200F-46B3-9DA0-DE2C98609AFE}.Debug|Any CPU.ActiveCfg = Debug|Any CPU
		{2884FD92-200F-46B3-9DA0-DE2C98609AFE}.Debug|Any CPU.Build.0 = Debug|Any CPU
		{2884FD92-200F-46B3-9DA0-DE2C98609AFE}.Release|Any CPU.ActiveCfg = Release|Any CPU
		{2884FD92-200F-46B3-9DA0-DE2C98609AFE}.Release|Any CPU.Build.0 = Release|Any CPU
		{3D6B3D9B-E9F0-441E-9FC5-931BF34325D9}.Debug|Any CPU.ActiveCfg = Debug|Any CPU
		{3D6B3D9B-E9F0-441E-9FC5-931BF34325D9}.Debug|Any CPU.Build.0 = Debug|Any CPU
		{3D6B3D9B-E9F0-441E-9FC5-931BF34325D9}.Release|Any CPU.ActiveCfg = Release|Any CPU
		{3D6B3D9B-E9F0-441E-9FC5-931BF34325D9}.Release|Any CPU.Build.0 = Release|Any CPU
		{501B39A1-3FF5-4822-AE0D-833813FD575E}.Debug|Any CPU.ActiveCfg = Debug|Any CPU
		{501B39A1-3FF5-4822-AE0D-833813FD575E}.Debug|Any CPU.Build.0 = Debug|Any CPU
		{501B39A1-3FF5-4822-AE0D-833813FD575E}.Release|Any CPU.ActiveCfg = Release|Any CPU
		{501B39A1-3FF5-4822-AE0D-833813FD575E}.Release|Any CPU.Build.0 = Release|Any CPU
		{4945C8E6-F297-4A9A-A2C3-6D16077407CF}.Debug|Any CPU.ActiveCfg = Debug|Any CPU
		{4945C8E6-F297-4A9A-A2C3-6D16077407CF}.Debug|Any CPU.Build.0 = Debug|Any CPU
		{4945C8E6-F297-4A9A-A2C3-6D16077407CF}.Release|Any CPU.ActiveCfg = Release|Any CPU
		{4945C8E6-F297-4A9A-A2C3-6D16077407CF}.Release|Any CPU.Build.0 = Release|Any CPU
		{D684641F-F7BE-43EC-A459-D689E42AF447}.Debug|Any CPU.ActiveCfg = Debug|Any CPU
		{D684641F-F7BE-43EC-A459-D689E42AF447}.Debug|Any CPU.Build.0 = Debug|Any CPU
		{D684641F-F7BE-43EC-A459-D689E42AF447}.Release|Any CPU.ActiveCfg = Release|Any CPU
		{D684641F-F7BE-43EC-A459-D689E42AF447}.Release|Any CPU.Build.0 = Release|Any CPU
		{906A29B2-DF96-43FA-816C-93FBF06A5A3D}.Debug|Any CPU.ActiveCfg = Debug|Any CPU
		{906A29B2-DF96-43FA-816C-93FBF06A5A3D}.Debug|Any CPU.Build.0 = Debug|Any CPU
		{906A29B2-DF96-43FA-816C-93FBF06A5A3D}.Release|Any CPU.ActiveCfg = Release|Any CPU
		{906A29B2-DF96-43FA-816C-93FBF06A5A3D}.Release|Any CPU.Build.0 = Release|Any CPU
		{1B592C4A-0D2F-4C7E-AB1E-358820A0C663}.Debug|Any CPU.ActiveCfg = Debug|Any CPU
		{1B592C4A-0D2F-4C7E-AB1E-358820A0C663}.Debug|Any CPU.Build.0 = Debug|Any CPU
		{1B592C4A-0D2F-4C7E-AB1E-358820A0C663}.Release|Any CPU.ActiveCfg = Release|Any CPU
		{1B592C4A-0D2F-4C7E-AB1E-358820A0C663}.Release|Any CPU.Build.0 = Release|Any CPU
	EndGlobalSection
	GlobalSection(SolutionProperties) = preSolution
		HideSolutionNode = FALSE
	EndGlobalSection
	GlobalSection(NestedProjects) = preSolution
		{9C6B6BE5-4EDA-4B3B-94F7-AA4C758DD669} = {AF7D8AC1-FEAD-44BB-8131-1B81E94E7789}
		{35DA2231-55FE-4343-8667-DCC4DEECA42C} = {AF7D8AC1-FEAD-44BB-8131-1B81E94E7789}
		{2884FD92-200F-46B3-9DA0-DE2C98609AFE} = {0480C2D3-029D-47AE-972D-DEE48161A02E}
		{3D6B3D9B-E9F0-441E-9FC5-931BF34325D9} = {AC2A6376-E30B-4B73-A0A6-E4A84D14B5F4}
		{501B39A1-3FF5-4822-AE0D-833813FD575E} = {AC2A6376-E30B-4B73-A0A6-E4A84D14B5F4}
		{4945C8E6-F297-4A9A-A2C3-6D16077407CF} = {82AA2558-DD72-47B5-9226-EF4E1A08757F}
		{D684641F-F7BE-43EC-A459-D689E42AF447} = {82AA2558-DD72-47B5-9226-EF4E1A08757F}
		{906A29B2-DF96-43FA-816C-93FBF06A5A3D} = {F20E1B13-FE51-4FC2-9597-5F7497EF854D}
		{1B592C4A-0D2F-4C7E-AB1E-358820A0C663} = {373BA905-3E5D-4C15-B9E5-E1B3695DA872}
	EndGlobalSection
EndGlobal
